<Solution>
  <Folder Name="/src/">
    <Project Path="src/AltHeroes.AppHost/AltHeroes.AppHost.csproj" />
    <Project Path="src/AltHeroes.ServiceDefaults/AltHeroes.ServiceDefaults.csproj" />
    <Project Path="src/AltHeroes.Core/AltHeroes.Core.csproj" />
    <Project Path="src/AltHeroes.Bot/AltHeroes.Bot.csproj" />
  </Folder>
  <Folder Name="/tests/">
    <Project Path="tests/AltHeroes.Core.Tests/AltHeroes.Core.Tests.csproj" />
  </Folder>
</Solution>
